
Microsoft Visual Studio Solution File, Format Version 12.00
# Visual Studio 15
VisualStudioVersion = 15.0.26730.16
MinimumVisualStudioVersion = 10.0.40219.1
Project("{A07B5EB6-E848-4116-A8D0-A826331D98C6}") = "SvcFabricDinnerDemo", "SvcFabricDinnerDemo\SvcFabricDinnerDemo.sfproj", "{A92E480A-DC3F-4E03-A13C-21EED7E2F7CC}"
EndProject
Project("{9A19103F-16F7-4668-BE54-9A1E7A4F7556}") = "SvcFabricDinnerDemo.DinnerPlatform", "SvcFabricDinnerDemo.DinnerPlatform\SvcFabricDinnerDemo.DinnerPlatform.csproj", "{46A90CB6-F3F9-42F2-9780-16275908D0C4}"
EndProject
Project("{FAE04EC0-301F-11D3-BF4B-00C04F79EFBC}") = "SvcFabricDinnerDemo.RestaurantService", "SvcFabricDinnerDemo.RestaurantService\SvcFabricDinnerDemo.RestaurantService.csproj", "{8205C7ED-6E07-40FC-A5C6-238A9484CA57}"
EndProject
Project("{FAE04EC0-301F-11D3-BF4B-00C04F79EFBC}") = "SvcFabricDinnerDemo.RestaurantService.Interfaces", "SvcFabricDinnerDemo.RestaurantService.Interfaces\SvcFabricDinnerDemo.RestaurantService.Interfaces.csproj", "{66FC8A86-D948-45C0-A546-F3AB0D6AE3B1}"
EndProject
Project("{FAE04EC0-301F-11D3-BF4B-00C04F79EFBC}") = "SvcFabricDinnerDemo.DinnerMenuService", "SvcFabricDinnerDemo.DinnerMenuService\SvcFabricDinnerDemo.DinnerMenuService.csproj", "{CCABDE45-D723-4C13-B9FA-C07A78AFF4C7}"
EndProject
Project("{FAE04EC0-301F-11D3-BF4B-00C04F79EFBC}") = "SvcFabricDinnerDemo.DinnerMenuService.Interfaces", "SvcFabricDinnerDemo.DinnerMenuService.Interfaces\SvcFabricDinnerDemo.DinnerMenuService.Interfaces.csproj", "{A4DEB925-3EEE-4FF5-BE9C-4C09DAA9820F}"
EndProject
Project("{FAE04EC0-301F-11D3-BF4B-00C04F79EFBC}") = "SvcFabricDinnerDemo.OrderActor", "SvcFabricDinnerDemo.OrderActor\SvcFabricDinnerDemo.OrderActor.csproj", "{1839D91A-F63E-4267-9A09-C2B013CF6977}"
EndProject
Project("{FAE04EC0-301F-11D3-BF4B-00C04F79EFBC}") = "SvcFabricDinnerDemo.OrderActor.Interfaces", "SvcFabricDinnerDemo.OrderActor.Interfaces\SvcFabricDinnerDemo.OrderActor.Interfaces.csproj", "{BF029221-9704-4C1D-8072-0AD3B37D1699}"
EndProject
Project("{FAE04EC0-301F-11D3-BF4B-00C04F79EFBC}") = "SvcFabricDinnerDemo.TableActor", "SvcFabricDinnerDemo.TableActor\SvcFabricDinnerDemo.TableActor.csproj", "{CA68E7DF-ADF4-4461-B3DC-E12006DA823A}"
EndProject
Project("{FAE04EC0-301F-11D3-BF4B-00C04F79EFBC}") = "SvcFabricDinnerDemo.TableActor.Interfaces", "SvcFabricDinnerDemo.TableActor.Interfaces\SvcFabricDinnerDemo.TableActor.Interfaces.csproj", "{80CE2775-258C-4961-9A65-3B748DB85399}"
EndProject
Project("{FAE04EC0-301F-11D3-BF4B-00C04F79EFBC}") = "SvcFabricDinnerDemo.RestaurantService.Tests", "SvcFabricDinnerDemo.RestaurantService.Tests\SvcFabricDinnerDemo.RestaurantService.Tests.csproj", "{00064585-684D-4B6D-8363-AD40DF106A28}"
EndProject
Project("{FAE04EC0-301F-11D3-BF4B-00C04F79EFBC}") = "SvcFabricDinnerDemo.KitchenActor", "SvcFabricDinnerDemo.KitchenActor\SvcFabricDinnerDemo.KitchenActor.csproj", "{0163AB6E-1DC9-466A-B871-E60D34D8EE31}"
EndProject
Project("{FAE04EC0-301F-11D3-BF4B-00C04F79EFBC}") = "SvcFabricDinnerDemo.KitchenActor.Interfaces", "SvcFabricDinnerDemo.KitchenActor.Interfaces\SvcFabricDinnerDemo.KitchenActor.Interfaces.csproj", "{5D5F2998-5FD6-43E7-8872-EB09DEEC09F1}"
EndProject
Project("{FAE04EC0-301F-11D3-BF4B-00C04F79EFBC}") = "SvcFabricDinnerDemo.ReliableServicesCore", "SvcFabricDinnerDemo.ReliableServicesCore\SvcFabricDinnerDemo.ReliableServicesCore.csproj", "{9ADC58AB-ABAA-4D4F-8524-0F4080247D80}"
EndProject
Project("{FAE04EC0-301F-11D3-BF4B-00C04F79EFBC}") = "SvcFabricDinnerDemo.AdminPlatform", "SvcFabricDinnerDemo.AdminPlatform\SvcFabricDinnerDemo.AdminPlatform.csproj", "{B7E5143D-C547-4D32-B4AB-66BB4F575FF0}"
EndProject
Global
	GlobalSection(SolutionConfigurationPlatforms) = preSolution
		Debug|Any CPU = Debug|Any CPU
		Debug|x64 = Debug|x64
		Release|Any CPU = Release|Any CPU
		Release|x64 = Release|x64
	EndGlobalSection
	GlobalSection(ProjectConfigurationPlatforms) = postSolution
		{A92E480A-DC3F-4E03-A13C-21EED7E2F7CC}.Debug|Any CPU.ActiveCfg = Debug|x64
		{A92E480A-DC3F-4E03-A13C-21EED7E2F7CC}.Debug|x64.ActiveCfg = Debug|x64
		{A92E480A-DC3F-4E03-A13C-21EED7E2F7CC}.Debug|x64.Build.0 = Debug|x64
		{A92E480A-DC3F-4E03-A13C-21EED7E2F7CC}.Debug|x64.Deploy.0 = Debug|x64
		{A92E480A-DC3F-4E03-A13C-21EED7E2F7CC}.Release|Any CPU.ActiveCfg = Release|x64
		{A92E480A-DC3F-4E03-A13C-21EED7E2F7CC}.Release|x64.ActiveCfg = Release|x64
		{A92E480A-DC3F-4E03-A13C-21EED7E2F7CC}.Release|x64.Build.0 = Release|x64
		{A92E480A-DC3F-4E03-A13C-21EED7E2F7CC}.Release|x64.Deploy.0 = Release|x64
		{46A90CB6-F3F9-42F2-9780-16275908D0C4}.Debug|Any CPU.ActiveCfg = Debug|Any CPU
		{46A90CB6-F3F9-42F2-9780-16275908D0C4}.Debug|Any CPU.Build.0 = Debug|Any CPU
		{46A90CB6-F3F9-42F2-9780-16275908D0C4}.Debug|x64.ActiveCfg = Debug|x64
		{46A90CB6-F3F9-42F2-9780-16275908D0C4}.Debug|x64.Build.0 = Debug|x64
		{46A90CB6-F3F9-42F2-9780-16275908D0C4}.Release|Any CPU.ActiveCfg = Release|Any CPU
		{46A90CB6-F3F9-42F2-9780-16275908D0C4}.Release|Any CPU.Build.0 = Release|Any CPU
		{46A90CB6-F3F9-42F2-9780-16275908D0C4}.Release|x64.ActiveCfg = Release|x64
		{46A90CB6-F3F9-42F2-9780-16275908D0C4}.Release|x64.Build.0 = Release|x64
		{8205C7ED-6E07-40FC-A5C6-238A9484CA57}.Debug|Any CPU.ActiveCfg = Debug|x64
		{8205C7ED-6E07-40FC-A5C6-238A9484CA57}.Debug|x64.ActiveCfg = Debug|x64
		{8205C7ED-6E07-40FC-A5C6-238A9484CA57}.Debug|x64.Build.0 = Debug|x64
		{8205C7ED-6E07-40FC-A5C6-238A9484CA57}.Release|Any CPU.ActiveCfg = Release|x64
		{8205C7ED-6E07-40FC-A5C6-238A9484CA57}.Release|x64.ActiveCfg = Release|x64
		{8205C7ED-6E07-40FC-A5C6-238A9484CA57}.Release|x64.Build.0 = Release|x64
		{66FC8A86-D948-45C0-A546-F3AB0D6AE3B1}.Debug|Any CPU.ActiveCfg = Debug|Any CPU
		{66FC8A86-D948-45C0-A546-F3AB0D6AE3B1}.Debug|Any CPU.Build.0 = Debug|Any CPU
		{66FC8A86-D948-45C0-A546-F3AB0D6AE3B1}.Debug|x64.ActiveCfg = Debug|x64
		{66FC8A86-D948-45C0-A546-F3AB0D6AE3B1}.Debug|x64.Build.0 = Debug|x64
		{66FC8A86-D948-45C0-A546-F3AB0D6AE3B1}.Release|Any CPU.ActiveCfg = Release|Any CPU
		{66FC8A86-D948-45C0-A546-F3AB0D6AE3B1}.Release|Any CPU.Build.0 = Release|Any CPU
		{66FC8A86-D948-45C0-A546-F3AB0D6AE3B1}.Release|x64.ActiveCfg = Release|x64
		{66FC8A86-D948-45C0-A546-F3AB0D6AE3B1}.Release|x64.Build.0 = Release|x64
		{CCABDE45-D723-4C13-B9FA-C07A78AFF4C7}.Debug|Any CPU.ActiveCfg = Debug|x64
		{CCABDE45-D723-4C13-B9FA-C07A78AFF4C7}.Debug|x64.ActiveCfg = Debug|x64
		{CCABDE45-D723-4C13-B9FA-C07A78AFF4C7}.Debug|x64.Build.0 = Debug|x64
		{CCABDE45-D723-4C13-B9FA-C07A78AFF4C7}.Release|Any CPU.ActiveCfg = Release|x64
		{CCABDE45-D723-4C13-B9FA-C07A78AFF4C7}.Release|x64.ActiveCfg = Release|x64
		{CCABDE45-D723-4C13-B9FA-C07A78AFF4C7}.Release|x64.Build.0 = Release|x64
		{A4DEB925-3EEE-4FF5-BE9C-4C09DAA9820F}.Debug|Any CPU.ActiveCfg = Debug|Any CPU
		{A4DEB925-3EEE-4FF5-BE9C-4C09DAA9820F}.Debug|Any CPU.Build.0 = Debug|Any CPU
		{A4DEB925-3EEE-4FF5-BE9C-4C09DAA9820F}.Debug|x64.ActiveCfg = Debug|x64
		{A4DEB925-3EEE-4FF5-BE9C-4C09DAA9820F}.Debug|x64.Build.0 = Debug|x64
		{A4DEB925-3EEE-4FF5-BE9C-4C09DAA9820F}.Release|Any CPU.ActiveCfg = Release|Any CPU
		{A4DEB925-3EEE-4FF5-BE9C-4C09DAA9820F}.Release|Any CPU.Build.0 = Release|Any CPU
		{A4DEB925-3EEE-4FF5-BE9C-4C09DAA9820F}.Release|x64.ActiveCfg = Release|x64
		{A4DEB925-3EEE-4FF5-BE9C-4C09DAA9820F}.Release|x64.Build.0 = Release|x64
		{1839D91A-F63E-4267-9A09-C2B013CF6977}.Debug|Any CPU.ActiveCfg = Debug|x64
		{1839D91A-F63E-4267-9A09-C2B013CF6977}.Debug|x64.ActiveCfg = Debug|x64
		{1839D91A-F63E-4267-9A09-C2B013CF6977}.Debug|x64.Build.0 = Debug|x64
		{1839D91A-F63E-4267-9A09-C2B013CF6977}.Release|Any CPU.ActiveCfg = Release|x64
		{1839D91A-F63E-4267-9A09-C2B013CF6977}.Release|x64.ActiveCfg = Release|x64
		{1839D91A-F63E-4267-9A09-C2B013CF6977}.Release|x64.Build.0 = Release|x64
		{BF029221-9704-4C1D-8072-0AD3B37D1699}.Debug|Any CPU.ActiveCfg = Debug|x64
		{BF029221-9704-4C1D-8072-0AD3B37D1699}.Debug|x64.ActiveCfg = Debug|x64
		{BF029221-9704-4C1D-8072-0AD3B37D1699}.Debug|x64.Build.0 = Debug|x64
		{BF029221-9704-4C1D-8072-0AD3B37D1699}.Release|Any CPU.ActiveCfg = Release|x64
		{BF029221-9704-4C1D-8072-0AD3B37D1699}.Release|x64.ActiveCfg = Release|x64
		{BF029221-9704-4C1D-8072-0AD3B37D1699}.Release|x64.Build.0 = Release|x64
		{CA68E7DF-ADF4-4461-B3DC-E12006DA823A}.Debug|Any CPU.ActiveCfg = Debug|x64
		{CA68E7DF-ADF4-4461-B3DC-E12006DA823A}.Debug|x64.ActiveCfg = Debug|x64
		{CA68E7DF-ADF4-4461-B3DC-E12006DA823A}.Debug|x64.Build.0 = Debug|x64
		{CA68E7DF-ADF4-4461-B3DC-E12006DA823A}.Release|Any CPU.ActiveCfg = Release|x64
		{CA68E7DF-ADF4-4461-B3DC-E12006DA823A}.Release|x64.ActiveCfg = Release|x64
		{CA68E7DF-ADF4-4461-B3DC-E12006DA823A}.Release|x64.Build.0 = Release|x64
		{80CE2775-258C-4961-9A65-3B748DB85399}.Debug|Any CPU.ActiveCfg = Debug|x64
		{80CE2775-258C-4961-9A65-3B748DB85399}.Debug|x64.ActiveCfg = Debug|x64
		{80CE2775-258C-4961-9A65-3B748DB85399}.Debug|x64.Build.0 = Debug|x64
		{80CE2775-258C-4961-9A65-3B748DB85399}.Release|Any CPU.ActiveCfg = Release|x64
		{80CE2775-258C-4961-9A65-3B748DB85399}.Release|x64.ActiveCfg = Release|x64
		{80CE2775-258C-4961-9A65-3B748DB85399}.Release|x64.Build.0 = Release|x64
		{00064585-684D-4B6D-8363-AD40DF106A28}.Debug|Any CPU.ActiveCfg = Debug|Any CPU
		{00064585-684D-4B6D-8363-AD40DF106A28}.Debug|Any CPU.Build.0 = Debug|Any CPU
		{00064585-684D-4B6D-8363-AD40DF106A28}.Debug|x64.ActiveCfg = Debug|x64
		{00064585-684D-4B6D-8363-AD40DF106A28}.Debug|x64.Build.0 = Debug|x64
		{00064585-684D-4B6D-8363-AD40DF106A28}.Release|Any CPU.ActiveCfg = Release|Any CPU
		{00064585-684D-4B6D-8363-AD40DF106A28}.Release|Any CPU.Build.0 = Release|Any CPU
		{00064585-684D-4B6D-8363-AD40DF106A28}.Release|x64.ActiveCfg = Release|x64
		{00064585-684D-4B6D-8363-AD40DF106A28}.Release|x64.Build.0 = Release|x64
		{0163AB6E-1DC9-466A-B871-E60D34D8EE31}.Debug|Any CPU.ActiveCfg = Debug|x64
		{0163AB6E-1DC9-466A-B871-E60D34D8EE31}.Debug|x64.ActiveCfg = Debug|x64
		{0163AB6E-1DC9-466A-B871-E60D34D8EE31}.Debug|x64.Build.0 = Debug|x64
		{0163AB6E-1DC9-466A-B871-E60D34D8EE31}.Release|Any CPU.ActiveCfg = Release|x64
		{0163AB6E-1DC9-466A-B871-E60D34D8EE31}.Release|x64.ActiveCfg = Release|x64
		{0163AB6E-1DC9-466A-B871-E60D34D8EE31}.Release|x64.Build.0 = Release|x64
		{5D5F2998-5FD6-43E7-8872-EB09DEEC09F1}.Debug|Any CPU.ActiveCfg = Debug|x64
		{5D5F2998-5FD6-43E7-8872-EB09DEEC09F1}.Debug|x64.ActiveCfg = Debug|x64
		{5D5F2998-5FD6-43E7-8872-EB09DEEC09F1}.Debug|x64.Build.0 = Debug|x64
		{5D5F2998-5FD6-43E7-8872-EB09DEEC09F1}.Release|Any CPU.ActiveCfg = Release|x64
		{5D5F2998-5FD6-43E7-8872-EB09DEEC09F1}.Release|x64.ActiveCfg = Release|x64
		{5D5F2998-5FD6-43E7-8872-EB09DEEC09F1}.Release|x64.Build.0 = Release|x64
		{9ADC58AB-ABAA-4D4F-8524-0F4080247D80}.Debug|Any CPU.ActiveCfg = Debug|x64
		{9ADC58AB-ABAA-4D4F-8524-0F4080247D80}.Debug|x64.ActiveCfg = Debug|x64
		{9ADC58AB-ABAA-4D4F-8524-0F4080247D80}.Debug|x64.Build.0 = Debug|x64
		{9ADC58AB-ABAA-4D4F-8524-0F4080247D80}.Release|Any CPU.ActiveCfg = Release|x64
		{9ADC58AB-ABAA-4D4F-8524-0F4080247D80}.Release|x64.ActiveCfg = Release|x64
		{9ADC58AB-ABAA-4D4F-8524-0F4080247D80}.Release|x64.Build.0 = Release|x64
		{B7E5143D-C547-4D32-B4AB-66BB4F575FF0}.Debug|Any CPU.ActiveCfg = Debug|Any CPU
		{B7E5143D-C547-4D32-B4AB-66BB4F575FF0}.Debug|Any CPU.Build.0 = Debug|Any CPU
		{B7E5143D-C547-4D32-B4AB-66BB4F575FF0}.Debug|x64.ActiveCfg = Debug|Any CPU
		{B7E5143D-C547-4D32-B4AB-66BB4F575FF0}.Debug|x64.Build.0 = Debug|Any CPU
		{B7E5143D-C547-4D32-B4AB-66BB4F575FF0}.Release|Any CPU.ActiveCfg = Release|Any CPU
		{B7E5143D-C547-4D32-B4AB-66BB4F575FF0}.Release|Any CPU.Build.0 = Release|Any CPU
		{B7E5143D-C547-4D32-B4AB-66BB4F575FF0}.Release|x64.ActiveCfg = Release|Any CPU
		{B7E5143D-C547-4D32-B4AB-66BB4F575FF0}.Release|x64.Build.0 = Release|Any CPU
	EndGlobalSection
	GlobalSection(SolutionProperties) = preSolution
		HideSolutionNode = FALSE
	EndGlobalSection
	GlobalSection(ExtensibilityGlobals) = postSolution
		SolutionGuid = {77BC9B1C-AE59-46DA-8F33-7E195B018B13}
	EndGlobalSection
EndGlobal
